<Solution>
  <Folder Name="/src/">
    <Project Path="src/EmailService/EmailService.csproj" />
  </Folder>
  <Folder Name="/tests/">
    <Project Path="tests/EmailService.IntegrationTests/EmailService.IntegrationTests.csproj" />
    <Project Path="tests/EmailService.Tests/EmailService.Tests.csproj" />
  </Folder>
</Solution>
